
Microsoft Visual Studio Solution File, Format Version 12.00
# Visual Studio 15
VisualStudioVersion = 15.0.28010.2026
MinimumVisualStudioVersion = 10.0.40219.1
Project("{FAE04EC0-301F-11D3-BF4B-00C04F79EFBC}") = "Project1", "Project1\Project1.csproj", "{8921DA77-5ADF-4FCD-883C-0CE08DF69E6B}"
EndProject
Global
	GlobalSection(SolutionConfigurationPlatforms) = preSolution
		Debug|Any CPU = Debug|Any CPU
		Release|Any CPU = Release|Any CPU
	EndGlobalSection
	GlobalSection(ProjectConfigurationPlatforms) = postSolution
		{8921DA77-5ADF-4FCD-883C-0CE08DF69E6B}.Debug|Any CPU.ActiveCfg = Debug|Any CPU
		{8921DA77-5ADF-4FCD-883C-0CE08DF69E6B}.Debug|Any CPU.Build.0 = Debug|Any CPU
		{8921DA77-5ADF-4FCD-883C-0CE08DF69E6B}.Release|Any CPU.ActiveCfg = Release|Any CPU
		{8921DA77-5ADF-4FCD-883C-0CE08DF69E6B}.Release|Any CPU.Build.0 = Release|Any CPU
	EndGlobalSection
	GlobalSection(SolutionProperties) = preSolution
		HideSolutionNode = FALSE
	EndGlobalSection
	GlobalSection(ExtensibilityGlobals) = postSolution
		SolutionGuid = {A15DC84D-1C17-47DD-BD1E-9CD0079EACF6}
	EndGlobalSection
EndGlobal
